{
  "name": "tacs-interface",
  "lockfileVersion": 2,
  "requires": true,
  "packages": {
    "": {
      "dependencies": {
        "google-charts": "^2.0.0",
        "particlesjs": "^2.2.3"
      }
    },
    "node_modules/google-charts": {
      "version": "2.0.0",
      "resolved": "https://registry.npmjs.org/google-charts/-/google-charts-2.0.0.tgz",
      "integrity": "sha512-wxtwJTvA9MhFGCkMtUYtM+b1gQ8R6zSdQOxflRTAGr83+sd0bRDfrn1HaPIpxnqI75cImQBDp0ZTUXuwLhgPzA=="
    },
    "node_modules/particlesjs": {
      "version": "2.2.3",
      "resolved": "https://registry.npmjs.org/particlesjs/-/particlesjs-2.2.3.tgz",
      "integrity": "sha512-f0rL80Agqdsrnv/uhlLewv+LMdiXHu9MYPzMv0ZLPM06nLx3zmAXMH882fxqO6Uzb91csli8WlWaYd2XPN0d/Q=="
    }
  },
  "dependencies": {
    "google-charts": {
      "version": "2.0.0",
      "resolved": "https://registry.npmjs.org/google-charts/-/google-charts-2.0.0.tgz",
      "integrity": "sha512-wxtwJTvA9MhFGCkMtUYtM+b1gQ8R6zSdQOxflRTAGr83+sd0bRDfrn1HaPIpxnqI75cImQBDp0ZTUXuwLhgPzA=="
    },
    "particlesjs": {
      "version": "2.2.3",
      "resolved": "https://registry.npmjs.org/particlesjs/-/particlesjs-2.2.3.tgz",
      "integrity": "sha512-f0rL80Agqdsrnv/uhlLewv+LMdiXHu9MYPzMv0ZLPM06nLx3zmAXMH882fxqO6Uzb91csli8WlWaYd2XPN0d/Q=="
    }
  }
}
